
Microsoft Visual Studio Solution File, Format Version 12.00
# Visual Studio Version 17
VisualStudioVersion = 17.0.32112.339
MinimumVisualStudioVersion = 10.0.40219.1
Project("{2150E333-8FDC-42A3-9474-1A3956D46DE8}") = "Project", "Project", "{211B732B-25D7-43BF-AB84-16604E1C4890}"
EndProject
Project("{2150E333-8FDC-42A3-9474-1A3956D46DE8}") = "DemoBankSite", "DemoBankSite", "{226106BF-642B-4F9C-9F0D-F16B5C733D1C}"
EndProject
Project("{2150E333-8FDC-42A3-9474-1A3956D46DE8}") = "Foundation", "Foundation", "{8DA2C51A-576C-4594-85C3-F0C4DF98B831}"
EndProject
Project("{2150E333-8FDC-42A3-9474-1A3956D46DE8}") = "Feature", "Feature", "{DF0DE06E-2CD9-4FA1-8E66-55C8BF2D04CD}"
EndProject
Project("{2150E333-8FDC-42A3-9474-1A3956D46DE8}") = "Environment", "Environment", "{648EE930-EACE-49F0-B99F-6530BC835F38}"
EndProject
Project("{9A19103F-16F7-4668-BE54-9A1E7A4F7556}") = "DemoBank.Project.DBankSite.Rendering", "Project\DBankSite\rendering\DemoBank.Project.DBankSite.Rendering.csproj", "{5D3E9ABB-DD21-495D-9FEB-5E5D5A74054A}"
EndProject
Project("{9A19103F-16F7-4668-BE54-9A1E7A4F7556}") = "DemoBank.Project.DBankSite.Platform", "Project\DBankSite\DBank.Project.DBankSite.Platform\DemoBank.Project.DBankSite.Platform.csproj", "{C8F30EF3-1B94-476D-A40B-7D5BF94951DC}"
EndProject
Project("{2150E333-8FDC-42A3-9474-1A3956D46DE8}") = "Navigation", "Navigation", "{12ADBB99-9AA0-4A69-94F4-BC08F0DDA70E}"
EndProject
Project("{9A19103F-16F7-4668-BE54-9A1E7A4F7556}") = "DemoBank.Feature.Navigation.Rendering", "Feature\Navigation\rendering\DemoBank.Feature.Navigation.Rendering.csproj", "{93E63844-0939-4471-8D1B-7328EC00538C}"
EndProject
Project("{2150E333-8FDC-42A3-9474-1A3956D46DE8}") = "Card", "Card", "{14CF6249-90E0-4927-A9C6-7067B9F05D4C}"
EndProject
Project("{2150E333-8FDC-42A3-9474-1A3956D46DE8}") = "Banner", "Banner", "{6151ADBA-EB48-419E-8BB6-6F19D797CB2F}"
EndProject
Project("{9A19103F-16F7-4668-BE54-9A1E7A4F7556}") = "DemoBank.Feature.Banner.Rendering", "Feature\Banner\rendering\DemoBank.Feature.Banner.Rendering.csproj", "{2A2D954A-A6CE-4804-B53A-AA923EB67486}"
EndProject
Project("{9A19103F-16F7-4668-BE54-9A1E7A4F7556}") = "DemoBank.Feature.Card.Rendering", "Feature\Card\rendering\DemoBank.Feature.Card.Rendering.csproj", "{70858D10-E22A-4AB7-A11A-702CDAFFE0E0}"
EndProject
Project("{2150E333-8FDC-42A3-9474-1A3956D46DE8}") = "GraphQL", "GraphQL", "{B7E28591-2369-4367-AF29-BF5B4A8FCC82}"
EndProject
Project("{2150E333-8FDC-42A3-9474-1A3956D46DE8}") = "BranchAndATM", "BranchAndATM", "{99B350B1-3B0F-475E-B434-B05CC99B1D16}"
EndProject
Project("{9A19103F-16F7-4668-BE54-9A1E7A4F7556}") = "DemoBank.Feature.BranchAndATM.Rendering", "Feature\BranchAndATM\rendering\DemoBank.Feature.BranchAndATM.Rendering.csproj", "{D125E5CB-306C-4204-A917-AF4193FDB335}"
EndProject
Project("{2150E333-8FDC-42A3-9474-1A3956D46DE8}") = "LanguageSwitcher", "LanguageSwitcher", "{6DFA43CE-3CFA-48E8-B764-EE355CA8103D}"
EndProject
Project("{9A19103F-16F7-4668-BE54-9A1E7A4F7556}") = "DemoBank.Feature.LanguageSwitcher.Rendering", "Feature\LanguageSwitcher\rendering\DemoBank.Feature.LanguageSwitcher.Rendering.csproj", "{F1470411-73E2-4760-8AB6-91419B318D34}"
EndProject
Project("{CAA73BB0-EF22-4D79-A57E-DF67B3BA9C80}") = "DemoBank.Project.DBankSite.Serialization", "Project\DBankSite\Serialization\DemoBank.Project.DBankSite.Serialization.scproj", "{E2B02AD7-803D-4F69-88C1-8BA7D25E8001}"
EndProject
Project("{2150E333-8FDC-42A3-9474-1A3956D46DE8}") = "Form", "Form", "{AC36D8AA-0D4A-442F-A259-FA64FDF2076D}"
EndProject
Project("{9A19103F-16F7-4668-BE54-9A1E7A4F7556}") = "DemoBank.Feature.Form.Rendering", "Feature\Form\rendering\DemoBank.Feature.Form.Rendering.csproj", "{D595DF14-32B4-4180-BD52-3E7CAC0073B1}"
EndProject
Project("{2150E333-8FDC-42A3-9474-1A3956D46DE8}") = "SitecoreExtensions", "SitecoreExtensions", "{D646202E-5474-4E8F-825D-07967B163401}"
EndProject
Project("{9A19103F-16F7-4668-BE54-9A1E7A4F7556}") = "DemoBank.Foundation.SitecoreExtensions.Platform", "Foundation\SitecoreExtensions\platform\DemoBank.Foundation.SitecoreExtensions.Platform.csproj", "{5E6E97A8-5DA1-40DF-A170-A3E59BEF37E9}"
EndProject
Project("{9A19103F-16F7-4668-BE54-9A1E7A4F7556}") = "DemoBank.Foundation.GraphQL.Rendering", "Foundation\GraphQL\rendering\DemoBank.Foundation.GraphQL.Rendering.csproj", "{38CFD94D-70F5-474E-B560-C33B07AB8E0F}"
EndProject
Global
	GlobalSection(SolutionConfigurationPlatforms) = preSolution
		Debug|Any CPU = Debug|Any CPU
		Release|Any CPU = Release|Any CPU
	EndGlobalSection
	GlobalSection(ProjectConfigurationPlatforms) = postSolution
		{5D3E9ABB-DD21-495D-9FEB-5E5D5A74054A}.Debug|Any CPU.ActiveCfg = Debug|Any CPU
		{5D3E9ABB-DD21-495D-9FEB-5E5D5A74054A}.Debug|Any CPU.Build.0 = Debug|Any CPU
		{5D3E9ABB-DD21-495D-9FEB-5E5D5A74054A}.Release|Any CPU.ActiveCfg = Release|Any CPU
		{5D3E9ABB-DD21-495D-9FEB-5E5D5A74054A}.Release|Any CPU.Build.0 = Release|Any CPU
		{C8F30EF3-1B94-476D-A40B-7D5BF94951DC}.Debug|Any CPU.ActiveCfg = Debug|Any CPU
		{C8F30EF3-1B94-476D-A40B-7D5BF94951DC}.Debug|Any CPU.Build.0 = Debug|Any CPU
		{C8F30EF3-1B94-476D-A40B-7D5BF94951DC}.Release|Any CPU.ActiveCfg = Release|Any CPU
		{C8F30EF3-1B94-476D-A40B-7D5BF94951DC}.Release|Any CPU.Build.0 = Release|Any CPU
		{93E63844-0939-4471-8D1B-7328EC00538C}.Debug|Any CPU.ActiveCfg = Debug|Any CPU
		{93E63844-0939-4471-8D1B-7328EC00538C}.Debug|Any CPU.Build.0 = Debug|Any CPU
		{93E63844-0939-4471-8D1B-7328EC00538C}.Release|Any CPU.ActiveCfg = Release|Any CPU
		{93E63844-0939-4471-8D1B-7328EC00538C}.Release|Any CPU.Build.0 = Release|Any CPU
		{2A2D954A-A6CE-4804-B53A-AA923EB67486}.Debug|Any CPU.ActiveCfg = Debug|Any CPU
		{2A2D954A-A6CE-4804-B53A-AA923EB67486}.Debug|Any CPU.Build.0 = Debug|Any CPU
		{2A2D954A-A6CE-4804-B53A-AA923EB67486}.Release|Any CPU.ActiveCfg = Release|Any CPU
		{2A2D954A-A6CE-4804-B53A-AA923EB67486}.Release|Any CPU.Build.0 = Release|Any CPU
		{70858D10-E22A-4AB7-A11A-702CDAFFE0E0}.Debug|Any CPU.ActiveCfg = Debug|Any CPU
		{70858D10-E22A-4AB7-A11A-702CDAFFE0E0}.Debug|Any CPU.Build.0 = Debug|Any CPU
		{70858D10-E22A-4AB7-A11A-702CDAFFE0E0}.Release|Any CPU.ActiveCfg = Release|Any CPU
		{70858D10-E22A-4AB7-A11A-702CDAFFE0E0}.Release|Any CPU.Build.0 = Release|Any CPU
		{D125E5CB-306C-4204-A917-AF4193FDB335}.Debug|Any CPU.ActiveCfg = Debug|Any CPU
		{D125E5CB-306C-4204-A917-AF4193FDB335}.Debug|Any CPU.Build.0 = Debug|Any CPU
		{D125E5CB-306C-4204-A917-AF4193FDB335}.Release|Any CPU.ActiveCfg = Release|Any CPU
		{D125E5CB-306C-4204-A917-AF4193FDB335}.Release|Any CPU.Build.0 = Release|Any CPU
		{F1470411-73E2-4760-8AB6-91419B318D34}.Debug|Any CPU.ActiveCfg = Debug|Any CPU
		{F1470411-73E2-4760-8AB6-91419B318D34}.Debug|Any CPU.Build.0 = Debug|Any CPU
		{F1470411-73E2-4760-8AB6-91419B318D34}.Release|Any CPU.ActiveCfg = Release|Any CPU
		{F1470411-73E2-4760-8AB6-91419B318D34}.Release|Any CPU.Build.0 = Release|Any CPU
		{E2B02AD7-803D-4F69-88C1-8BA7D25E8001}.Debug|Any CPU.ActiveCfg = Debug|Any CPU
		{E2B02AD7-803D-4F69-88C1-8BA7D25E8001}.Debug|Any CPU.Build.0 = Debug|Any CPU
		{E2B02AD7-803D-4F69-88C1-8BA7D25E8001}.Debug|Any CPU.Deploy.0 = Debug|Any CPU
		{E2B02AD7-803D-4F69-88C1-8BA7D25E8001}.Release|Any CPU.ActiveCfg = Release|Any CPU
		{E2B02AD7-803D-4F69-88C1-8BA7D25E8001}.Release|Any CPU.Build.0 = Release|Any CPU
		{E2B02AD7-803D-4F69-88C1-8BA7D25E8001}.Release|Any CPU.Deploy.0 = Release|Any CPU
		{D595DF14-32B4-4180-BD52-3E7CAC0073B1}.Debug|Any CPU.ActiveCfg = Debug|Any CPU
		{D595DF14-32B4-4180-BD52-3E7CAC0073B1}.Debug|Any CPU.Build.0 = Debug|Any CPU
		{D595DF14-32B4-4180-BD52-3E7CAC0073B1}.Release|Any CPU.ActiveCfg = Release|Any CPU
		{D595DF14-32B4-4180-BD52-3E7CAC0073B1}.Release|Any CPU.Build.0 = Release|Any CPU
		{5E6E97A8-5DA1-40DF-A170-A3E59BEF37E9}.Debug|Any CPU.ActiveCfg = Debug|Any CPU
		{5E6E97A8-5DA1-40DF-A170-A3E59BEF37E9}.Debug|Any CPU.Build.0 = Debug|Any CPU
		{5E6E97A8-5DA1-40DF-A170-A3E59BEF37E9}.Release|Any CPU.ActiveCfg = Release|Any CPU
		{5E6E97A8-5DA1-40DF-A170-A3E59BEF37E9}.Release|Any CPU.Build.0 = Release|Any CPU
		{38CFD94D-70F5-474E-B560-C33B07AB8E0F}.Debug|Any CPU.ActiveCfg = Debug|Any CPU
		{38CFD94D-70F5-474E-B560-C33B07AB8E0F}.Debug|Any CPU.Build.0 = Debug|Any CPU
		{38CFD94D-70F5-474E-B560-C33B07AB8E0F}.Release|Any CPU.ActiveCfg = Release|Any CPU
		{38CFD94D-70F5-474E-B560-C33B07AB8E0F}.Release|Any CPU.Build.0 = Release|Any CPU
	EndGlobalSection
	GlobalSection(SolutionProperties) = preSolution
		HideSolutionNode = FALSE
	EndGlobalSection
	GlobalSection(NestedProjects) = preSolution
		{226106BF-642B-4F9C-9F0D-F16B5C733D1C} = {211B732B-25D7-43BF-AB84-16604E1C4890}
		{5D3E9ABB-DD21-495D-9FEB-5E5D5A74054A} = {226106BF-642B-4F9C-9F0D-F16B5C733D1C}
		{C8F30EF3-1B94-476D-A40B-7D5BF94951DC} = {226106BF-642B-4F9C-9F0D-F16B5C733D1C}
		{12ADBB99-9AA0-4A69-94F4-BC08F0DDA70E} = {DF0DE06E-2CD9-4FA1-8E66-55C8BF2D04CD}
		{93E63844-0939-4471-8D1B-7328EC00538C} = {12ADBB99-9AA0-4A69-94F4-BC08F0DDA70E}
		{14CF6249-90E0-4927-A9C6-7067B9F05D4C} = {DF0DE06E-2CD9-4FA1-8E66-55C8BF2D04CD}
		{6151ADBA-EB48-419E-8BB6-6F19D797CB2F} = {DF0DE06E-2CD9-4FA1-8E66-55C8BF2D04CD}
		{2A2D954A-A6CE-4804-B53A-AA923EB67486} = {6151ADBA-EB48-419E-8BB6-6F19D797CB2F}
		{70858D10-E22A-4AB7-A11A-702CDAFFE0E0} = {14CF6249-90E0-4927-A9C6-7067B9F05D4C}
		{B7E28591-2369-4367-AF29-BF5B4A8FCC82} = {8DA2C51A-576C-4594-85C3-F0C4DF98B831}
		{99B350B1-3B0F-475E-B434-B05CC99B1D16} = {DF0DE06E-2CD9-4FA1-8E66-55C8BF2D04CD}
		{D125E5CB-306C-4204-A917-AF4193FDB335} = {99B350B1-3B0F-475E-B434-B05CC99B1D16}
		{6DFA43CE-3CFA-48E8-B764-EE355CA8103D} = {DF0DE06E-2CD9-4FA1-8E66-55C8BF2D04CD}
		{F1470411-73E2-4760-8AB6-91419B318D34} = {6DFA43CE-3CFA-48E8-B764-EE355CA8103D}
		{E2B02AD7-803D-4F69-88C1-8BA7D25E8001} = {226106BF-642B-4F9C-9F0D-F16B5C733D1C}
		{AC36D8AA-0D4A-442F-A259-FA64FDF2076D} = {DF0DE06E-2CD9-4FA1-8E66-55C8BF2D04CD}
		{D595DF14-32B4-4180-BD52-3E7CAC0073B1} = {AC36D8AA-0D4A-442F-A259-FA64FDF2076D}
		{D646202E-5474-4E8F-825D-07967B163401} = {8DA2C51A-576C-4594-85C3-F0C4DF98B831}
		{5E6E97A8-5DA1-40DF-A170-A3E59BEF37E9} = {D646202E-5474-4E8F-825D-07967B163401}
		{38CFD94D-70F5-474E-B560-C33B07AB8E0F} = {B7E28591-2369-4367-AF29-BF5B4A8FCC82}
	EndGlobalSection
	GlobalSection(ExtensibilityGlobals) = postSolution
		SolutionGuid = {7EA9046F-3F16-41D0-B20F-B8DC453488BF}
	EndGlobalSection
EndGlobal
