
Microsoft Visual Studio Solution File, Format Version 12.00
# Visual Studio Version 17
VisualStudioVersion = 17.4.33205.214
MinimumVisualStudioVersion = 10.0.40219.1
Project("{CAA73BB0-EF22-4D79-A57E-DF67B3BA9C80}") = "DemoBank.NextJS.SSG", "DemoBank.NextJS.SSG.scproj", "{FF3D7C71-86C6-4830-9564-52FE9D839819}"
EndProject
Global
	GlobalSection(SolutionConfigurationPlatforms) = preSolution
		Debug|Any CPU = Debug|Any CPU
		Release|Any CPU = Release|Any CPU
	EndGlobalSection
	GlobalSection(ProjectConfigurationPlatforms) = postSolution
		{FF3D7C71-86C6-4830-9564-52FE9D839819}.Debug|Any CPU.ActiveCfg = Debug|Any CPU
		{FF3D7C71-86C6-4830-9564-52FE9D839819}.Debug|Any CPU.Build.0 = Debug|Any CPU
		{FF3D7C71-86C6-4830-9564-52FE9D839819}.Debug|Any CPU.Deploy.0 = Debug|Any CPU
		{FF3D7C71-86C6-4830-9564-52FE9D839819}.Release|Any CPU.ActiveCfg = Release|Any CPU
		{FF3D7C71-86C6-4830-9564-52FE9D839819}.Release|Any CPU.Build.0 = Release|Any CPU
		{FF3D7C71-86C6-4830-9564-52FE9D839819}.Release|Any CPU.Deploy.0 = Release|Any CPU
	EndGlobalSection
	GlobalSection(SolutionProperties) = preSolution
		HideSolutionNode = FALSE
	EndGlobalSection
	GlobalSection(ExtensibilityGlobals) = postSolution
		SolutionGuid = {2708E2A5-A476-4DFD-B840-9013A63D9C70}
	EndGlobalSection
EndGlobal
